{
  "name": "yumeko",
  "version": "1.0.0",
  "lockfileVersion": 2,
  "requires": true,
  "packages": {
    "": {
      "name": "yumeko",
      "version": "1.0.0",
      "license": "ISC",
      "dependencies": {
        "humanize-duration": "^3.25.1",
        "moment": "^2.29.1",
        "parse-duration": "^0.4.4"
      }
    },
    "node_modules/humanize-duration": {
      "version": "3.25.1",
      "resolved": "https://registry.npmjs.org/humanize-duration/-/humanize-duration-3.25.1.tgz",
      "integrity": "sha512-P+dRo48gpLgc2R9tMRgiDRNULPKCmqFYgguwqOO2C0fjO35TgdURDQDANSR1Nt92iHlbHGMxOTnsB8H8xnMa2Q=="
    },
    "node_modules/moment": {
      "version": "2.29.1",
      "resolved": "https://registry.npmjs.org/moment/-/moment-2.29.1.tgz",
      "integrity": "sha512-kHmoybcPV8Sqy59DwNDY3Jefr64lK/by/da0ViFcuA4DH0vQg5Q6Ze5VimxkfQNSC+Mls/Kx53s7TjP1RhFEDQ==",
      "engines": {
        "node": "*"
      }
    },
    "node_modules/parse-duration": {
      "version": "0.4.4",
      "resolved": "https://registry.npmjs.org/parse-duration/-/parse-duration-0.4.4.tgz",
      "integrity": "sha512-KbAJuYGUhZkB9gotDiKLnZ7Z3VTacK3fgwmDdB6ZVDtJbMBT6MfLga0WJaYpPDu0mzqT0NgHtHDt5PY4l0nidg=="
    }
  },
  "dependencies": {
    "humanize-duration": {
      "version": "3.25.1",
      "resolved": "https://registry.npmjs.org/humanize-duration/-/humanize-duration-3.25.1.tgz",
      "integrity": "sha512-P+dRo48gpLgc2R9tMRgiDRNULPKCmqFYgguwqOO2C0fjO35TgdURDQDANSR1Nt92iHlbHGMxOTnsB8H8xnMa2Q=="
    },
    "moment": {
      "version": "2.29.1",
      "resolved": "https://registry.npmjs.org/moment/-/moment-2.29.1.tgz",
      "integrity": "sha512-kHmoybcPV8Sqy59DwNDY3Jefr64lK/by/da0ViFcuA4DH0vQg5Q6Ze5VimxkfQNSC+Mls/Kx53s7TjP1RhFEDQ=="
    },
    "parse-duration": {
      "version": "0.4.4",
      "resolved": "https://registry.npmjs.org/parse-duration/-/parse-duration-0.4.4.tgz",
      "integrity": "sha512-KbAJuYGUhZkB9gotDiKLnZ7Z3VTacK3fgwmDdB6ZVDtJbMBT6MfLga0WJaYpPDu0mzqT0NgHtHDt5PY4l0nidg=="
    }
  }
}
